// !$*UTF8*$!
{
	archiveVersion = 1;
	classes = {
	};
	objectVersion = 46;
	objects = {

/* Begin PBXBuildFile section */
		5E7DD5DA15B15A7A00AC0E4D /* UIKit.framework in Frameworks */ = {isa = PBXBuildFile; fileRef = 5E7DD5D915B15A7A00AC0E4D /* UIKit.framework */; };
		5E7DD5DC15B15A7A00AC0E4D /* Foundation.framework in Frameworks */ = {isa = PBXBuildFile; fileRef = 5E7DD5DB15B15A7A00AC0E4D /* Foundation.framework */; };
		5E7DD5DE15B15A7A00AC0E4D /* CoreGraphics.framework in Frameworks */ = {isa = PBXBuildFile; fileRef = 5E7DD5DD15B15A7A00AC0E4D /* CoreGraphics.framework */; };
		5E7DD5E015B15A7A00AC0E4D /* CoreData.framework in Frameworks */ = {isa = PBXBuildFile; fileRef = 5E7DD5DF15B15A7A00AC0E4D /* CoreData.framework */; };
		5E7DD5E615B15A7A00AC0E4D /* InfoPlist.strings in Resources */ = {isa = PBXBuildFile; fileRef = 5E7DD5E415B15A7A00AC0E4D /* InfoPlist.strings */; };
		5E7DD5E815B15A7A00AC0E4D /* main.m in Sources */ = {isa = PBXBuildFile; fileRef = 5E7DD5E715B15A7A00AC0E4D /* main.m */; };
		5E7DD5EC15B15A7A00AC0E4D /* AppDelegate.m in Sources */ = {isa = PBXBuildFile; fileRef = 5E7DD5EB15B15A7A00AC0E4D /* AppDelegate.m */; };
		5E7DD5EF15B15A7A00AC0E4D /* TJWorkshopProject.xcdatamodeld in Sources */ = {isa = PBXBuildFile; fileRef = 5E7DD5ED15B15A7A00AC0E4D /* TJWorkshopProject.xcdatamodeld */; };
		5E7DD5FD15B15EC700AC0E4D /* InformationToPush.m in Sources */ = {isa = PBXBuildFile; fileRef = 5E7DD5F615B15EC700AC0E4D /* InformationToPush.m */; };
		5E7DD5FE15B15EC700AC0E4D /* PersonalInfo.m in Sources */ = {isa = PBXBuildFile; fileRef = 5E7DD5F815B15EC700AC0E4D /* PersonalInfo.m */; };
		5E7DD5FF15B15EC700AC0E4D /* PlaneTicket.m in Sources */ = {isa = PBXBuildFile; fileRef = 5E7DD5FA15B15EC700AC0E4D /* PlaneTicket.m */; };
		5E7DD60015B15EC700AC0E4D /* User.m in Sources */ = {isa = PBXBuildFile; fileRef = 5E7DD5FC15B15EC700AC0E4D /* User.m */; };
/* End PBXBuildFile section */

/* Begin PBXFileReference section */
		5E7DD5D515B15A7A00AC0E4D /* TJWorkshopProject.app */ = {isa = PBXFileReference; explicitFileType = wrapper.application; includeInIndex = 0; path = TJWorkshopProject.app; sourceTree = BUILT_PRODUCTS_DIR; };
		5E7DD5D915B15A7A00AC0E4D /* UIKit.framework */ = {isa = PBXFileReference; lastKnownFileType = wrapper.framework; name = UIKit.framework; path = System/Library/Frameworks/UIKit.framework; sourceTree = SDKROOT; };
		5E7DD5DB15B15A7A00AC0E4D /* Foundation.framework */ = {isa = PBXFileReference; lastKnownFileType = wrapper.framework; name = Foundation.framework; path = System/Library/Frameworks/Foundation.framework; sourceTree = SDKROOT; };
		5E7DD5DD15B15A7A00AC0E4D /* CoreGraphics.framework */ = {isa = PBXFileReference; lastKnownFileType = wrapper.framework; name = CoreGraphics.framework; path = System/Library/Frameworks/CoreGraphics.framework; sourceTree = SDKROOT; };
		5E7DD5DF15B15A7A00AC0E4D /* CoreData.framework */ = {isa = PBXFileReference; lastKnownFileType = wrapper.framework; name = CoreData.framework; path = System/Library/Frameworks/CoreData.framework; sourceTree = SDKROOT; };
		5E7DD5E315B15A7A00AC0E4D /* TJWorkshopProject-Info.plist */ = {isa = PBXFileReference; lastKnownFileType = text.plist.xml; path = "TJWorkshopProject-Info.plist"; sourceTree = "<group>"; };
		5E7DD5E515B15A7A00AC0E4D /* en */ = {isa = PBXFileReference; lastKnownFileType = text.plist.strings; name = en; path = en.lproj/InfoPlist.strings; sourceTree = "<group>"; };
		5E7DD5E715B15A7A00AC0E4D /* main.m */ = {isa = PBXFileReference; lastKnownFileType = sourcecode.c.objc; path = main.m; sourceTree = "<group>"; };
		5E7DD5E915B15A7A00AC0E4D /* TJWorkshopProject-Prefix.pch */ = {isa = PBXFileReference; lastKnownFileType = sourcecode.c.h; path = "TJWorkshopProject-Prefix.pch"; sourceTree = "<group>"; };
		5E7DD5EA15B15A7A00AC0E4D /* AppDelegate.h */ = {isa = PBXFileReference; lastKnownFileType = sourcecode.c.h; path = AppDelegate.h; sourceTree = "<group>"; };
		5E7DD5EB15B15A7A00AC0E4D /* AppDelegate.m */ = {isa = PBXFileReference; lastKnownFileType = sourcecode.c.objc; path = AppDelegate.m; sourceTree = "<group>"; };
		5E7DD5EE15B15A7A00AC0E4D /* TJWorkshopProject.xcdatamodel */ = {isa = PBXFileReference; lastKnownFileType = wrapper.xcdatamodel; path = TJWorkshopProject.xcdatamodel; sourceTree = "<group>"; };
		5E7DD5F515B15EC700AC0E4D /* InformationToPush.h */ = {isa = PBXFileReference; fileEncoding = 4; lastKnownFileType = sourcecode.c.h; name = InformationToPush.h; path = "../../../未命名文件夹/InformationToPush.h"; sourceTree = "<group>"; };
		5E7DD5F615B15EC700AC0E4D /* InformationToPush.m */ = {isa = PBXFileReference; fileEncoding = 4; lastKnownFileType = sourcecode.c.objc; name = InformationToPush.m; path = "../../../未命名文件夹/InformationToPush.m"; sourceTree = "<group>"; };
		5E7DD5F715B15EC700AC0E4D /* PersonalInfo.h */ = {isa = PBXFileReference; fileEncoding = 4; lastKnownFileType = sourcecode.c.h; name = PersonalInfo.h; path = "../../../未命名文件夹/PersonalInfo.h"; sourceTree = "<group>"; };
		5E7DD5F815B15EC700AC0E4D /* PersonalInfo.m */ = {isa = PBXFileReference; fileEncoding = 4; lastKnownFileType = sourcecode.c.objc; name = PersonalInfo.m; path = "../../../未命名文件夹/PersonalInfo.m"; sourceTree = "<group>"; };
		5E7DD5F915B15EC700AC0E4D /* PlaneTicket.h */ = {isa = PBXFileReference; fileEncoding = 4; lastKnownFileType = sourcecode.c.h; name = PlaneTicket.h; path = "../../../未命名文件夹/PlaneTicket.h"; sourceTree = "<group>"; };
		5E7DD5FA15B15EC700AC0E4D /* PlaneTicket.m */ = {isa = PBXFileReference; fileEncoding = 4; lastKnownFileType = sourcecode.c.objc; name = PlaneTicket.m; path = "../../../未命名文件夹/PlaneTicket.m"; sourceTree = "<group>"; };
		5E7DD5FB15B15EC700AC0E4D /* User.h */ = {isa = PBXFileReference; fileEncoding = 4; lastKnownFileType = sourcecode.c.h; name = User.h; path = "../../../未命名文件夹/User.h"; sourceTree = "<group>"; };
		5E7DD5FC15B15EC700AC0E4D /* User.m */ = {isa = PBXFileReference; fileEncoding = 4; lastKnownFileType = sourcecode.c.objc; name = User.m; path = "../../../未命名文件夹/User.m"; sourceTree = "<group>"; };
/* End PBXFileReference section */

/* Begin PBXFrameworksBuildPhase section */
		5E7DD5D215B15A7A00AC0E4D /* Frameworks */ = {
			isa = PBXFrameworksBuildPhase;
			buildActionMask = 2147483647;
			files = (
				5E7DD5DA15B15A7A00AC0E4D /* UIKit.framework in Frameworks */,
				5E7DD5DC15B15A7A00AC0E4D /* Foundation.framework in Frameworks */,
				5E7DD5DE15B15A7A00AC0E4D /* CoreGraphics.framework in Frameworks */,
				5E7DD5E015B15A7A00AC0E4D /* CoreData.framework in Frameworks */,
			);
			runOnlyForDeploymentPostprocessing = 0;
		};
/* End PBXFrameworksBuildPhase section */

/* Begin PBXGroup section */
		5E7DD5CA15B15A7A00AC0E4D = {
			isa = PBXGroup;
			children = (
				5E7DD5E115B15A7A00AC0E4D /* TJWorkshopProject */,
				5E7DD5D815B15A7A00AC0E4D /* Frameworks */,
				5E7DD5D615B15A7A00AC0E4D /* Products */,
			);
			sourceTree = "<group>";
		};
		5E7DD5D615B15A7A00AC0E4D /* Products */ = {
			isa = PBXGroup;
			children = (
				5E7DD5D515B15A7A00AC0E4D /* TJWorkshopProject.app */,
			);
			name = Products;
			sourceTree = "<group>";
		};
		5E7DD5D815B15A7A00AC0E4D /* Frameworks */ = {
			isa = PBXGroup;
			children = (
				5E7DD5D915B15A7A00AC0E4D /* UIKit.framework */,
				5E7DD5DB15B15A7A00AC0E4D /* Foundation.framework */,
				5E7DD5DD15B15A7A00AC0E4D /* CoreGraphics.framework */,
				5E7DD5DF15B15A7A00AC0E4D /* CoreData.framework */,
			);
			name = Frameworks;
			sourceTree = "<group>";
		};
		5E7DD5E115B15A7A00AC0E4D /* TJWorkshopProject */ = {
			isa = PBXGroup;
			children = (
				5E7DD5EA15B15A7A00AC0E4D /* AppDelegate.h */,
				5E7DD5EB15B15A7A00AC0E4D /* AppDelegate.m */,
				5E7DD5ED15B15A7A00AC0E4D /* TJWorkshopProject.xcdatamodeld */,
				5E7DD5E215B15A7A00AC0E4D /* Supporting Files */,
			);
			path = TJWorkshopProject;
			sourceTree = "<group>";
		};
		5E7DD5E215B15A7A00AC0E4D /* Supporting Files */ = {
			isa = PBXGroup;
			children = (
				5E7DD5F515B15EC700AC0E4D /* InformationToPush.h */,
				5E7DD5F615B15EC700AC0E4D /* InformationToPush.m */,
				5E7DD5F715B15EC700AC0E4D /* PersonalInfo.h */,
				5E7DD5F815B15EC700AC0E4D /* PersonalInfo.m */,
				5E7DD5F915B15EC700AC0E4D /* PlaneTicket.h */,
				5E7DD5FA15B15EC700AC0E4D /* PlaneTicket.m */,
				5E7DD5FB15B15EC700AC0E4D /* User.h */,
				5E7DD5FC15B15EC700AC0E4D /* User.m */,
				5E7DD5E315B15A7A00AC0E4D /* TJWorkshopProject-Info.plist */,
				5E7DD5E415B15A7A00AC0E4D /* InfoPlist.strings */,
				5E7DD5E715B15A7A00AC0E4D /* main.m */,
				5E7DD5E915B15A7A00AC0E4D /* TJWorkshopProject-Prefix.pch */,
			);
			name = "Supporting Files";
			sourceTree = "<group>";
		};
/* End PBXGroup section */

/* Begin PBXNativeTarget section */
		5E7DD5D415B15A7A00AC0E4D /* TJWorkshopProject */ = {
			isa = PBXNativeTarget;
			buildConfigurationList = 5E7DD5F215B15A7A00AC0E4D /* Build configuration list for PBXNativeTarget "TJWorkshopProject" */;
			buildPhases = (
				5E7DD5D115B15A7A00AC0E4D /* Sources */,
				5E7DD5D215B15A7A00AC0E4D /* Frameworks */,
				5E7DD5D315B15A7A00AC0E4D /* Resources */,
			);
			buildRules = (
			);
			dependencies = (
			);
			name = TJWorkshopProject;
			productName = TJWorkshopProject;
			productReference = 5E7DD5D515B15A7A00AC0E4D /* TJWorkshopProject.app */;
			productType = "com.apple.product-type.application";
		};
/* End PBXNativeTarget section */

/* Begin PBXProject section */
		5E7DD5CC15B15A7A00AC0E4D /* Project object */ = {
			isa = PBXProject;
			attributes = {
				LastUpgradeCheck = 0430;
			};
			buildConfigurationList = 5E7DD5CF15B15A7A00AC0E4D /* Build configuration list for PBXProject "TJWorkshopProject" */;
			compatibilityVersion = "Xcode 3.2";
			developmentRegion = English;
			hasScannedForEncodings = 0;
			knownRegions = (
				en,
			);
			mainGroup = 5E7DD5CA15B15A7A00AC0E4D;
			productRefGroup = 5E7DD5D615B15A7A00AC0E4D /* Products */;
			projectDirPath = "";
			projectRoot = "";
			targets = (
				5E7DD5D415B15A7A00AC0E4D /* TJWorkshopProject */,
			);
		};
/* End PBXProject section */

/* Begin PBXResourcesBuildPhase section */
		5E7DD5D315B15A7A00AC0E4D /* Resources */ = {
			isa = PBXResourcesBuildPhase;
			buildActionMask = 2147483647;
			files = (
				5E7DD5E615B15A7A00AC0E4D /* InfoPlist.strings in Resources */,
			);
			runOnlyForDeploymentPostprocessing = 0;
		};
/* End PBXResourcesBuildPhase section */

/* Begin PBXSourcesBuildPhase section */
		5E7DD5D115B15A7A00AC0E4D /* Sources */ = {
			isa = PBXSourcesBuildPhase;
			buildActionMask = 2147483647;
			files = (
				5E7DD5E815B15A7A00AC0E4D /* main.m in Sources */,
				5E7DD5EC15B15A7A00AC0E4D /* AppDelegate.m in Sources */,
				5E7DD5EF15B15A7A00AC0E4D /* TJWorkshopProject.xcdatamodeld in Sources */,
				5E7DD5FD15B15EC700AC0E4D /* InformationToPush.m in Sources */,
				5E7DD5FE15B15EC700AC0E4D /* PersonalInfo.m in Sources */,
				5E7DD5FF15B15EC700AC0E4D /* PlaneTicket.m in Sources */,
				5E7DD60015B15EC700AC0E4D /* User.m in Sources */,
			);
			runOnlyForDeploymentPostprocessing = 0;
		};
/* End PBXSourcesBuildPhase section */

/* Begin PBXVariantGroup section */
		5E7DD5E415B15A7A00AC0E4D /* InfoPlist.strings */ = {
			isa = PBXVariantGroup;
			children = (
				5E7DD5E515B15A7A00AC0E4D /* en */,
			);
			name = InfoPlist.strings;
			sourceTree = "<group>";
		};
/* End PBXVariantGroup section */

/* Begin XCBuildConfiguration section */
		5E7DD5F015B15A7A00AC0E4D /* Debug */ = {
			isa = XCBuildConfiguration;
			buildSettings = {
				ALWAYS_SEARCH_USER_PATHS = NO;
				ARCHS = "$(ARCHS_STANDARD_32_BIT)";
				CLANG_ENABLE_OBJC_ARC = YES;
				"CODE_SIGN_IDENTITY[sdk=iphoneos*]" = "iPhone Developer";
				COPY_PHASE_STRIP = NO;
				GCC_C_LANGUAGE_STANDARD = gnu99;
				GCC_DYNAMIC_NO_PIC = NO;
				GCC_OPTIMIZATION_LEVEL = 0;
				GCC_PREPROCESSOR_DEFINITIONS = (
					"DEBUG=1",
					"$(inherited)",
				);
				GCC_SYMBOLS_PRIVATE_EXTERN = NO;
				GCC_VERSION = com.apple.compilers.llvm.clang.1_0;
				GCC_WARN_ABOUT_RETURN_TYPE = YES;
				GCC_WARN_UNINITIALIZED_AUTOS = YES;
				GCC_WARN_UNUSED_VARIABLE = YES;
				IPHONEOS_DEPLOYMENT_TARGET = 5.1;
				SDKROOT = iphoneos;
			};
			name = Debug;
		};
		5E7DD5F115B15A7A00AC0E4D /* Release */ = {
			isa = XCBuildConfiguration;
			buildSettings = {
				ALWAYS_SEARCH_USER_PATHS = NO;
				ARCHS = "$(ARCHS_STANDARD_32_BIT)";
				CLANG_ENABLE_OBJC_ARC = YES;
				"CODE_SIGN_IDENTITY[sdk=iphoneos*]" = "iPhone Developer";
				COPY_PHASE_STRIP = YES;
				GCC_C_LANGUAGE_STANDARD = gnu99;
				GCC_VERSION = com.apple.compilers.llvm.clang.1_0;
				GCC_WARN_ABOUT_RETURN_TYPE = YES;
				GCC_WARN_UNINITIALIZED_AUTOS = YES;
				GCC_WARN_UNUSED_VARIABLE = YES;
				IPHONEOS_DEPLOYMENT_TARGET = 5.1;
				OTHER_CFLAGS = "-DNS_BLOCK_ASSERTIONS=1";
				SDKROOT = iphoneos;
				VALIDATE_PRODUCT = YES;
			};
			name = Release;
		};
		5E7DD5F315B15A7A00AC0E4D /* Debug */ = {
			isa = XCBuildConfiguration;
			buildSettings = {
				GCC_PRECOMPILE_PREFIX_HEADER = YES;
				GCC_PREFIX_HEADER = "TJWorkshopProject/TJWorkshopProject-Prefix.pch";
				INFOPLIST_FILE = "TJWorkshopProject/TJWorkshopProject-Info.plist";
				PRODUCT_NAME = "$(TARGET_NAME)";
				WRAPPER_EXTENSION = app;
			};
			name = Debug;
		};
		5E7DD5F415B15A7A00AC0E4D /* Release */ = {
			isa = XCBuildConfiguration;
			buildSettings = {
				GCC_PRECOMPILE_PREFIX_HEADER = YES;
				GCC_PREFIX_HEADER = "TJWorkshopProject/TJWorkshopProject-Prefix.pch";
				INFOPLIST_FILE = "TJWorkshopProject/TJWorkshopProject-Info.plist";
				PRODUCT_NAME = "$(TARGET_NAME)";
				WRAPPER_EXTENSION = app;
			};
			name = Release;
		};
/* End XCBuildConfiguration section */

/* Begin XCConfigurationList section */
		5E7DD5CF15B15A7A00AC0E4D /* Build configuration list for PBXProject "TJWorkshopProject" */ = {
			isa = XCConfigurationList;
			buildConfigurations = (
				5E7DD5F015B15A7A00AC0E4D /* Debug */,
				5E7DD5F115B15A7A00AC0E4D /* Release */,
			);
			defaultConfigurationIsVisible = 0;
			defaultConfigurationName = Release;
		};
		5E7DD5F215B15A7A00AC0E4D /* Build configuration list for PBXNativeTarget "TJWorkshopProject" */ = {
			isa = XCConfigurationList;
			buildConfigurations = (
				5E7DD5F315B15A7A00AC0E4D /* Debug */,
				5E7DD5F415B15A7A00AC0E4D /* Release */,
			);
			defaultConfigurationIsVisible = 0;
		};
/* End XCConfigurationList section */

/* Begin XCVersionGroup section */
		5E7DD5ED15B15A7A00AC0E4D /* TJWorkshopProject.xcdatamodeld */ = {
			isa = XCVersionGroup;
			children = (
				5E7DD5EE15B15A7A00AC0E4D /* TJWorkshopProject.xcdatamodel */,
			);
			currentVersion = 5E7DD5EE15B15A7A00AC0E4D /* TJWorkshopProject.xcdatamodel */;
			path = TJWorkshopProject.xcdatamodeld;
			sourceTree = "<group>";
			versionGroupType = wrapper.xcdatamodel;
		};
/* End XCVersionGroup section */
	};
	rootObject = 5E7DD5CC15B15A7A00AC0E4D /* Project object */;
}
